
Microsoft Visual Studio Solution File, Format Version 12.00
# Visual Studio 15
VisualStudioVersion = 15.0.26430.15
MinimumVisualStudioVersion = 10.0.40219.1
Project("{FAE04EC0-301F-11D3-BF4B-00C04F79EFBC}") = "RenameArtistFolders", "RenameArtistFolders\RenameArtistFolders.csproj", "{AA636269-23D0-41BD-8293-4B42119D341F}"
EndProject
Project("{FAE04EC0-301F-11D3-BF4B-00C04F79EFBC}") = "NoobyGames.Logging", "NoobyGames.Logging\NoobyGames.Logging.csproj", "{939A0E42-919D-43C0-A2D9-431135C4CF72}"
EndProject
Global
	GlobalSection(SolutionConfigurationPlatforms) = preSolution
		Debug|Any CPU = Debug|Any CPU
		Release|Any CPU = Release|Any CPU
	EndGlobalSection
	GlobalSection(ProjectConfigurationPlatforms) = postSolution
		{AA636269-23D0-41BD-8293-4B42119D341F}.Debug|Any CPU.ActiveCfg = Debug|Any CPU
		{AA636269-23D0-41BD-8293-4B42119D341F}.Debug|Any CPU.Build.0 = Debug|Any CPU
		{AA636269-23D0-41BD-8293-4B42119D341F}.Release|Any CPU.ActiveCfg = Release|Any CPU
		{AA636269-23D0-41BD-8293-4B42119D341F}.Release|Any CPU.Build.0 = Release|Any CPU
		{939A0E42-919D-43C0-A2D9-431135C4CF72}.Debug|Any CPU.ActiveCfg = Debug|Any CPU
		{939A0E42-919D-43C0-A2D9-431135C4CF72}.Debug|Any CPU.Build.0 = Debug|Any CPU
		{939A0E42-919D-43C0-A2D9-431135C4CF72}.Release|Any CPU.ActiveCfg = Release|Any CPU
		{939A0E42-919D-43C0-A2D9-431135C4CF72}.Release|Any CPU.Build.0 = Release|Any CPU
	EndGlobalSection
	GlobalSection(SolutionProperties) = preSolution
		HideSolutionNode = FALSE
	EndGlobalSection
EndGlobal
